{
  "name": "news-hunter",
  "lockfileVersion": 2,
  "requires": true,
  "packages": {
    "": {
      "dependencies": {
        "react-responsive-masonry": "^2.1.5"
      }
    },
    "node_modules/react-responsive-masonry": {
      "version": "2.1.5",
      "resolved": "https://registry.npmjs.org/react-responsive-masonry/-/react-responsive-masonry-2.1.5.tgz",
      "integrity": "sha512-qXoE8Whrgw2smNRKAcX2z+kZDH7uiii1uyJ92cMOpe59CGdMbj7qbT9I9540GKxFLVUYr9zlU4n4lCfsfy+09A=="
    }
  },
  "dependencies": {
    "react-responsive-masonry": {
      "version": "2.1.5",
      "resolved": "https://registry.npmjs.org/react-responsive-masonry/-/react-responsive-masonry-2.1.5.tgz",
      "integrity": "sha512-qXoE8Whrgw2smNRKAcX2z+kZDH7uiii1uyJ92cMOpe59CGdMbj7qbT9I9540GKxFLVUYr9zlU4n4lCfsfy+09A=="
    }
  }
}
